// !$*UTF8*$!
{
	archiveVersion = 1;
	classes = {
	};
	objectVersion = 56;
	objects = {

/* Begin PBXBuildFile section */
		BF0997262C34B24E0058C25A /* DeviceListView.swift in Sources */ = {isa = PBXBuildFile; fileRef = BF0997252C34B24E0058C25A /* DeviceListView.swift */; };
		BF0997282C34B9FC0058C25A /* DeviceCard.swift in Sources */ = {isa = PBXBuildFile; fileRef = BF0997272C34B9FC0058C25A /* DeviceCard.swift */; };
		BF09972A2C34BA1F0058C25A /* SimpleUserButton.swift in Sources */ = {isa = PBXBuildFile; fileRef = BF0997292C34BA1F0058C25A /* SimpleUserButton.swift */; };
		BF09972D2C34BA620058C25A /* DeviceData.swift in Sources */ = {isa = PBXBuildFile; fileRef = BF09972C2C34BA620058C25A /* DeviceData.swift */; };
		BF09972F2C34BA890058C25A /* UserInput.swift in Sources */ = {isa = PBXBuildFile; fileRef = BF09972E2C34BA890058C25A /* UserInput.swift */; };
		BF4E406E2BFDE401004DA318 /* Snapshot_ios_sampleApp.swift in Sources */ = {isa = PBXBuildFile; fileRef = BF4E406D2BFDE401004DA318 /* Snapshot_ios_sampleApp.swift */; };
		BF4E40702BFDE401004DA318 /* ContentView.swift in Sources */ = {isa = PBXBuildFile; fileRef = BF4E406F2BFDE401004DA318 /* ContentView.swift */; };
		BF4E40722BFDE402004DA318 /* Assets.xcassets in Resources */ = {isa = PBXBuildFile; fileRef = BF4E40712BFDE402004DA318 /* Assets.xcassets */; };
		BF4E40762BFDE402004DA318 /* Preview Assets.xcassets in Resources */ = {isa = PBXBuildFile; fileRef = BF4E40752BFDE402004DA318 /* Preview Assets.xcassets */; };
		BF4E40802BFDE402004DA318 /* Snapshot_ios_sampleTests.swift in Sources */ = {isa = PBXBuildFile; fileRef = BF4E407F2BFDE402004DA318 /* Snapshot_ios_sampleTests.swift */; };
		BF4E408A2BFDE402004DA318 /* Snapshot_ios_sampleUITests.swift in Sources */ = {isa = PBXBuildFile; fileRef = BF4E40892BFDE402004DA318 /* Snapshot_ios_sampleUITests.swift */; };
		BF4E408C2BFDE402004DA318 /* Snapshot_ios_sampleUITestsLaunchTests.swift in Sources */ = {isa = PBXBuildFile; fileRef = BF4E408B2BFDE402004DA318 /* Snapshot_ios_sampleUITestsLaunchTests.swift */; };
		BF4E409E2BFE4BCB004DA318 /* CreateUserProfileViewSnapshotTest.swift in Sources */ = {isa = PBXBuildFile; fileRef = BF4E409D2BFE4BCB004DA318 /* CreateUserProfileViewSnapshotTest.swift */; };
		BF4E40A12BFE4E40004DA318 /* CreateUserProfileView.swift in Sources */ = {isa = PBXBuildFile; fileRef = BF4E40A02BFE4E40004DA318 /* CreateUserProfileView.swift */; };
		BF4E40CA2BFF73E1004DA318 /* CustomFormField.swift in Sources */ = {isa = PBXBuildFile; fileRef = BF4E40C92BFF73E1004DA318 /* CustomFormField.swift */; };
		BF4E40CC2BFF7731004DA318 /* CustomColorPicker.swift in Sources */ = {isa = PBXBuildFile; fileRef = BF4E40CB2BFF7731004DA318 /* CustomColorPicker.swift */; };
		BF4E40CF2BFF89F1004DA318 /* InlineSnapshotTesting in Frameworks */ = {isa = PBXBuildFile; productRef = BF4E40CE2BFF89F1004DA318 /* InlineSnapshotTesting */; };
		BF4E40D12BFF89F1004DA318 /* SnapshotTesting in Frameworks */ = {isa = PBXBuildFile; productRef = BF4E40D02BFF89F1004DA318 /* SnapshotTesting */; };
		BF4E40D32BFF8C5B004DA318 /* CustomFormFieldSnapshotTest.swift in Sources */ = {isa = PBXBuildFile; fileRef = BF4E40D22BFF8C5B004DA318 /* CustomFormFieldSnapshotTest.swift */; };
		BF4E40D52BFF8C7A004DA318 /* CustomColorPickerSnapshotTest.swift in Sources */ = {isa = PBXBuildFile; fileRef = BF4E40D42BFF8C7A004DA318 /* CustomColorPickerSnapshotTest.swift */; };
/* End PBXBuildFile section */

/* Begin PBXContainerItemProxy section */
		BF4E407C2BFDE402004DA318 /* PBXContainerItemProxy */ = {
			isa = PBXContainerItemProxy;
			containerPortal = BF4E40622BFDE401004DA318 /* Project object */;
			proxyType = 1;
			remoteGlobalIDString = BF4E40692BFDE401004DA318;
			remoteInfo = "Snapshot-ios-sample";
		};
		BF4E40862BFDE402004DA318 /* PBXContainerItemProxy */ = {
			isa = PBXContainerItemProxy;
			containerPortal = BF4E40622BFDE401004DA318 /* Project object */;
			proxyType = 1;
			remoteGlobalIDString = BF4E40692BFDE401004DA318;
			remoteInfo = "Snapshot-ios-sample";
		};
/* End PBXContainerItemProxy section */

/* Begin PBXFileReference section */
		BF0997252C34B24E0058C25A /* DeviceListView.swift */ = {isa = PBXFileReference; lastKnownFileType = sourcecode.swift; path = DeviceListView.swift; sourceTree = "<group>"; };
		BF0997272C34B9FC0058C25A /* DeviceCard.swift */ = {isa = PBXFileReference; lastKnownFileType = sourcecode.swift; path = DeviceCard.swift; sourceTree = "<group>"; };
		BF0997292C34BA1F0058C25A /* SimpleUserButton.swift */ = {isa = PBXFileReference; lastKnownFileType = sourcecode.swift; path = SimpleUserButton.swift; sourceTree = "<group>"; };
		BF09972C2C34BA620058C25A /* DeviceData.swift */ = {isa = PBXFileReference; lastKnownFileType = sourcecode.swift; path = DeviceData.swift; sourceTree = "<group>"; };
		BF09972E2C34BA890058C25A /* UserInput.swift */ = {isa = PBXFileReference; lastKnownFileType = sourcecode.swift; path = UserInput.swift; sourceTree = "<group>"; };
		BF4E406A2BFDE401004DA318 /* Snapshot-ios-sample.app */ = {isa = PBXFileReference; explicitFileType = wrapper.application; includeInIndex = 0; path = "Snapshot-ios-sample.app"; sourceTree = BUILT_PRODUCTS_DIR; };
		BF4E406D2BFDE401004DA318 /* Snapshot_ios_sampleApp.swift */ = {isa = PBXFileReference; lastKnownFileType = sourcecode.swift; path = Snapshot_ios_sampleApp.swift; sourceTree = "<group>"; };
		BF4E406F2BFDE401004DA318 /* ContentView.swift */ = {isa = PBXFileReference; lastKnownFileType = sourcecode.swift; path = ContentView.swift; sourceTree = "<group>"; };
		BF4E40712BFDE402004DA318 /* Assets.xcassets */ = {isa = PBXFileReference; lastKnownFileType = folder.assetcatalog; path = Assets.xcassets; sourceTree = "<group>"; };
		BF4E40732BFDE402004DA318 /* Snapshot_ios_sample.entitlements */ = {isa = PBXFileReference; lastKnownFileType = text.plist.entitlements; path = Snapshot_ios_sample.entitlements; sourceTree = "<group>"; };
		BF4E40752BFDE402004DA318 /* Preview Assets.xcassets */ = {isa = PBXFileReference; lastKnownFileType = folder.assetcatalog; path = "Preview Assets.xcassets"; sourceTree = "<group>"; };
		BF4E407B2BFDE402004DA318 /* Snapshot-ios-sampleTests.xctest */ = {isa = PBXFileReference; explicitFileType = wrapper.cfbundle; includeInIndex = 0; path = "Snapshot-ios-sampleTests.xctest"; sourceTree = BUILT_PRODUCTS_DIR; };
		BF4E407F2BFDE402004DA318 /* Snapshot_ios_sampleTests.swift */ = {isa = PBXFileReference; lastKnownFileType = sourcecode.swift; path = Snapshot_ios_sampleTests.swift; sourceTree = "<group>"; };
		BF4E40852BFDE402004DA318 /* Snapshot-ios-sampleUITests.xctest */ = {isa = PBXFileReference; explicitFileType = wrapper.cfbundle; includeInIndex = 0; path = "Snapshot-ios-sampleUITests.xctest"; sourceTree = BUILT_PRODUCTS_DIR; };
		BF4E40892BFDE402004DA318 /* Snapshot_ios_sampleUITests.swift */ = {isa = PBXFileReference; lastKnownFileType = sourcecode.swift; path = Snapshot_ios_sampleUITests.swift; sourceTree = "<group>"; };
		BF4E408B2BFDE402004DA318 /* Snapshot_ios_sampleUITestsLaunchTests.swift */ = {isa = PBXFileReference; lastKnownFileType = sourcecode.swift; path = Snapshot_ios_sampleUITestsLaunchTests.swift; sourceTree = "<group>"; };
		BF4E409D2BFE4BCB004DA318 /* CreateUserProfileViewSnapshotTest.swift */ = {isa = PBXFileReference; lastKnownFileType = sourcecode.swift; path = CreateUserProfileViewSnapshotTest.swift; sourceTree = "<group>"; };
		BF4E40A02BFE4E40004DA318 /* CreateUserProfileView.swift */ = {isa = PBXFileReference; lastKnownFileType = sourcecode.swift; path = CreateUserProfileView.swift; sourceTree = "<group>"; };
		BF4E40C92BFF73E1004DA318 /* CustomFormField.swift */ = {isa = PBXFileReference; lastKnownFileType = sourcecode.swift; path = CustomFormField.swift; sourceTree = "<group>"; };
		BF4E40CB2BFF7731004DA318 /* CustomColorPicker.swift */ = {isa = PBXFileReference; lastKnownFileType = sourcecode.swift; path = CustomColorPicker.swift; sourceTree = "<group>"; };
		BF4E40D22BFF8C5B004DA318 /* CustomFormFieldSnapshotTest.swift */ = {isa = PBXFileReference; lastKnownFileType = sourcecode.swift; path = CustomFormFieldSnapshotTest.swift; sourceTree = "<group>"; };
		BF4E40D42BFF8C7A004DA318 /* CustomColorPickerSnapshotTest.swift */ = {isa = PBXFileReference; lastKnownFileType = sourcecode.swift; path = CustomColorPickerSnapshotTest.swift; sourceTree = "<group>"; };
/* End PBXFileReference section */

/* Begin PBXFrameworksBuildPhase section */
		BF4E40672BFDE401004DA318 /* Frameworks */ = {
			isa = PBXFrameworksBuildPhase;
			buildActionMask = 2147483647;
			files = (
			);
			runOnlyForDeploymentPostprocessing = 0;
		};
		BF4E40782BFDE402004DA318 /* Frameworks */ = {
			isa = PBXFrameworksBuildPhase;
			buildActionMask = 2147483647;
			files = (
				BF4E40CF2BFF89F1004DA318 /* InlineSnapshotTesting in Frameworks */,
				BF4E40D12BFF89F1004DA318 /* SnapshotTesting in Frameworks */,
			);
			runOnlyForDeploymentPostprocessing = 0;
		};
		BF4E40822BFDE402004DA318 /* Frameworks */ = {
			isa = PBXFrameworksBuildPhase;
			buildActionMask = 2147483647;
			files = (
			);
			runOnlyForDeploymentPostprocessing = 0;
		};
/* End PBXFrameworksBuildPhase section */

/* Begin PBXGroup section */
		BF09972B2C34BA530058C25A /* Data */ = {
			isa = PBXGroup;
			children = (
				BF09972C2C34BA620058C25A /* DeviceData.swift */,
			);
			path = Data;
			sourceTree = "<group>";
		};
		BF4E40612BFDE401004DA318 = {
			isa = PBXGroup;
			children = (
				BF4E406C2BFDE401004DA318 /* Snapshot-ios-sample */,
				BF4E407E2BFDE402004DA318 /* Snapshot-ios-sampleTests */,
				BF4E40882BFDE402004DA318 /* Snapshot-ios-sampleUITests */,
				BF4E406B2BFDE401004DA318 /* Products */,
			);
			sourceTree = "<group>";
		};
		BF4E406B2BFDE401004DA318 /* Products */ = {
			isa = PBXGroup;
			children = (
				BF4E406A2BFDE401004DA318 /* Snapshot-ios-sample.app */,
				BF4E407B2BFDE402004DA318 /* Snapshot-ios-sampleTests.xctest */,
				BF4E40852BFDE402004DA318 /* Snapshot-ios-sampleUITests.xctest */,
			);
			name = Products;
			sourceTree = "<group>";
		};
		BF4E406C2BFDE401004DA318 /* Snapshot-ios-sample */ = {
			isa = PBXGroup;
			children = (
				BF09972B2C34BA530058C25A /* Data */,
				BF4E40C82BFF73AA004DA318 /* Screens */,
				BF4E40C72BFF7365004DA318 /* Components */,
				BF4E406D2BFDE401004DA318 /* Snapshot_ios_sampleApp.swift */,
				BF4E406F2BFDE401004DA318 /* ContentView.swift */,
				BF4E40712BFDE402004DA318 /* Assets.xcassets */,
				BF4E40732BFDE402004DA318 /* Snapshot_ios_sample.entitlements */,
				BF4E40742BFDE402004DA318 /* Preview Content */,
			);
			path = "Snapshot-ios-sample";
			sourceTree = "<group>";
		};
		BF4E40742BFDE402004DA318 /* Preview Content */ = {
			isa = PBXGroup;
			children = (
				BF4E40752BFDE402004DA318 /* Preview Assets.xcassets */,
			);
			path = "Preview Content";
			sourceTree = "<group>";
		};
		BF4E407E2BFDE402004DA318 /* Snapshot-ios-sampleTests */ = {
			isa = PBXGroup;
			children = (
				BF4E409F2BFE4CA0004DA318 /* SnapshotTests */,
				BF4E407F2BFDE402004DA318 /* Snapshot_ios_sampleTests.swift */,
			);
			path = "Snapshot-ios-sampleTests";
			sourceTree = "<group>";
		};
		BF4E40882BFDE402004DA318 /* Snapshot-ios-sampleUITests */ = {
			isa = PBXGroup;
			children = (
				BF4E40892BFDE402004DA318 /* Snapshot_ios_sampleUITests.swift */,
				BF4E408B2BFDE402004DA318 /* Snapshot_ios_sampleUITestsLaunchTests.swift */,
			);
			path = "Snapshot-ios-sampleUITests";
			sourceTree = "<group>";
		};
		BF4E409F2BFE4CA0004DA318 /* SnapshotTests */ = {
			isa = PBXGroup;
			children = (
				BF4E409D2BFE4BCB004DA318 /* CreateUserProfileViewSnapshotTest.swift */,
				BF4E40D22BFF8C5B004DA318 /* CustomFormFieldSnapshotTest.swift */,
				BF4E40D42BFF8C7A004DA318 /* CustomColorPickerSnapshotTest.swift */,
			);
			path = SnapshotTests;
			sourceTree = "<group>";
		};
		BF4E40C72BFF7365004DA318 /* Components */ = {
			isa = PBXGroup;
			children = (
				BF4E40C92BFF73E1004DA318 /* CustomFormField.swift */,
				BF4E40CB2BFF7731004DA318 /* CustomColorPicker.swift */,
				BF0997272C34B9FC0058C25A /* DeviceCard.swift */,
				BF0997292C34BA1F0058C25A /* SimpleUserButton.swift */,
				BF09972E2C34BA890058C25A /* UserInput.swift */,
			);
			path = Components;
			sourceTree = "<group>";
		};
		BF4E40C82BFF73AA004DA318 /* Screens */ = {
			isa = PBXGroup;
			children = (
				BF4E40A02BFE4E40004DA318 /* CreateUserProfileView.swift */,
				BF0997252C34B24E0058C25A /* DeviceListView.swift */,
			);
			path = Screens;
			sourceTree = "<group>";
		};
/* End PBXGroup section */

/* Begin PBXNativeTarget section */
		BF4E40692BFDE401004DA318 /* Snapshot-ios-sample */ = {
			isa = PBXNativeTarget;
			buildConfigurationList = BF4E408F2BFDE402004DA318 /* Build configuration list for PBXNativeTarget "Snapshot-ios-sample" */;
			buildPhases = (
				BF4E40662BFDE401004DA318 /* Sources */,
				BF4E40672BFDE401004DA318 /* Frameworks */,
				BF4E40682BFDE401004DA318 /* Resources */,
			);
			buildRules = (
			);
			dependencies = (
			);
			name = "Snapshot-ios-sample";
			productName = "Snapshot-ios-sample";
			productReference = BF4E406A2BFDE401004DA318 /* Snapshot-ios-sample.app */;
			productType = "com.apple.product-type.application";
		};
		BF4E407A2BFDE402004DA318 /* Snapshot-ios-sampleTests */ = {
			isa = PBXNativeTarget;
			buildConfigurationList = BF4E40922BFDE402004DA318 /* Build configuration list for PBXNativeTarget "Snapshot-ios-sampleTests" */;
			buildPhases = (
				BF4E40772BFDE402004DA318 /* Sources */,
				BF4E40782BFDE402004DA318 /* Frameworks */,
				BF4E40792BFDE402004DA318 /* Resources */,
			);
			buildRules = (
			);
			dependencies = (
				BF4E407D2BFDE402004DA318 /* PBXTargetDependency */,
			);
			name = "Snapshot-ios-sampleTests";
			packageProductDependencies = (
				BF4E40CE2BFF89F1004DA318 /* InlineSnapshotTesting */,
				BF4E40D02BFF89F1004DA318 /* SnapshotTesting */,
			);
			productName = "Snapshot-ios-sampleTests";
			productReference = BF4E407B2BFDE402004DA318 /* Snapshot-ios-sampleTests.xctest */;
			productType = "com.apple.product-type.bundle.unit-test";
		};
		BF4E40842BFDE402004DA318 /* Snapshot-ios-sampleUITests */ = {
			isa = PBXNativeTarget;
			buildConfigurationList = BF4E40952BFDE402004DA318 /* Build configuration list for PBXNativeTarget "Snapshot-ios-sampleUITests" */;
			buildPhases = (
				BF4E40812BFDE402004DA318 /* Sources */,
				BF4E40822BFDE402004DA318 /* Frameworks */,
				BF4E40832BFDE402004DA318 /* Resources */,
			);
			buildRules = (
			);
			dependencies = (
				BF4E40872BFDE402004DA318 /* PBXTargetDependency */,
			);
			name = "Snapshot-ios-sampleUITests";
			productName = "Snapshot-ios-sampleUITests";
			productReference = BF4E40852BFDE402004DA318 /* Snapshot-ios-sampleUITests.xctest */;
			productType = "com.apple.product-type.bundle.ui-testing";
		};
/* End PBXNativeTarget section */

/* Begin PBXProject section */
		BF4E40622BFDE401004DA318 /* Project object */ = {
			isa = PBXProject;
			attributes = {
				BuildIndependentTargetsInParallel = 1;
				LastSwiftUpdateCheck = 1520;
				LastUpgradeCheck = 1520;
				TargetAttributes = {
					BF4E40692BFDE401004DA318 = {
						CreatedOnToolsVersion = 15.2;
					};
					BF4E407A2BFDE402004DA318 = {
						CreatedOnToolsVersion = 15.2;
						TestTargetID = BF4E40692BFDE401004DA318;
					};
					BF4E40842BFDE402004DA318 = {
						CreatedOnToolsVersion = 15.2;
						TestTargetID = BF4E40692BFDE401004DA318;
					};
				};
			};
			buildConfigurationList = BF4E40652BFDE401004DA318 /* Build configuration list for PBXProject "Snapshot-ios-sample" */;
			compatibilityVersion = "Xcode 14.0";
			developmentRegion = en;
			hasScannedForEncodings = 0;
			knownRegions = (
				en,
				Base,
			);
			mainGroup = BF4E40612BFDE401004DA318;
			packageReferences = (
				BF4E40CD2BFF89F1004DA318 /* XCRemoteSwiftPackageReference "swift-snapshot-testing" */,
			);
			productRefGroup = BF4E406B2BFDE401004DA318 /* Products */;
			projectDirPath = "";
			projectRoot = "";
			targets = (
				BF4E40692BFDE401004DA318 /* Snapshot-ios-sample */,
				BF4E407A2BFDE402004DA318 /* Snapshot-ios-sampleTests */,
				BF4E40842BFDE402004DA318 /* Snapshot-ios-sampleUITests */,
			);
		};
/* End PBXProject section */

/* Begin PBXResourcesBuildPhase section */
		BF4E40682BFDE401004DA318 /* Resources */ = {
			isa = PBXResourcesBuildPhase;
			buildActionMask = 2147483647;
			files = (
				BF4E40762BFDE402004DA318 /* Preview Assets.xcassets in Resources */,
				BF4E40722BFDE402004DA318 /* Assets.xcassets in Resources */,
			);
			runOnlyForDeploymentPostprocessing = 0;
		};
		BF4E40792BFDE402004DA318 /* Resources */ = {
			isa = PBXResourcesBuildPhase;
			buildActionMask = 2147483647;
			files = (
			);
			runOnlyForDeploymentPostprocessing = 0;
		};
		BF4E40832BFDE402004DA318 /* Resources */ = {
			isa = PBXResourcesBuildPhase;
			buildActionMask = 2147483647;
			files = (
			);
			runOnlyForDeploymentPostprocessing = 0;
		};
/* End PBXResourcesBuildPhase section */

/* Begin PBXSourcesBuildPhase section */
		BF4E40662BFDE401004DA318 /* Sources */ = {
			isa = PBXSourcesBuildPhase;
			buildActionMask = 2147483647;
			files = (
				BF0997262C34B24E0058C25A /* DeviceListView.swift in Sources */,
				BF09972F2C34BA890058C25A /* UserInput.swift in Sources */,
				BF4E40CC2BFF7731004DA318 /* CustomColorPicker.swift in Sources */,
				BF4E40CA2BFF73E1004DA318 /* CustomFormField.swift in Sources */,
				BF4E40A12BFE4E40004DA318 /* CreateUserProfileView.swift in Sources */,
				BF4E40702BFDE401004DA318 /* ContentView.swift in Sources */,
				BF4E406E2BFDE401004DA318 /* Snapshot_ios_sampleApp.swift in Sources */,
				BF09972A2C34BA1F0058C25A /* SimpleUserButton.swift in Sources */,
				BF0997282C34B9FC0058C25A /* DeviceCard.swift in Sources */,
				BF09972D2C34BA620058C25A /* DeviceData.swift in Sources */,
			);
			runOnlyForDeploymentPostprocessing = 0;
		};
		BF4E40772BFDE402004DA318 /* Sources */ = {
			isa = PBXSourcesBuildPhase;
			buildActionMask = 2147483647;
			files = (
				BF4E40802BFDE402004DA318 /* Snapshot_ios_sampleTests.swift in Sources */,
				BF4E40D32BFF8C5B004DA318 /* CustomFormFieldSnapshotTest.swift in Sources */,
				BF4E40D52BFF8C7A004DA318 /* CustomColorPickerSnapshotTest.swift in Sources */,
				BF4E409E2BFE4BCB004DA318 /* CreateUserProfileViewSnapshotTest.swift in Sources */,
			);
			runOnlyForDeploymentPostprocessing = 0;
		};
		BF4E40812BFDE402004DA318 /* Sources */ = {
			isa = PBXSourcesBuildPhase;
			buildActionMask = 2147483647;
			files = (
				BF4E408C2BFDE402004DA318 /* Snapshot_ios_sampleUITestsLaunchTests.swift in Sources */,
				BF4E408A2BFDE402004DA318 /* Snapshot_ios_sampleUITests.swift in Sources */,
			);
			runOnlyForDeploymentPostprocessing = 0;
		};
/* End PBXSourcesBuildPhase section */

/* Begin PBXTargetDependency section */
		BF4E407D2BFDE402004DA318 /* PBXTargetDependency */ = {
			isa = PBXTargetDependency;
			target = BF4E40692BFDE401004DA318 /* Snapshot-ios-sample */;
			targetProxy = BF4E407C2BFDE402004DA318 /* PBXContainerItemProxy */;
		};
		BF4E40872BFDE402004DA318 /* PBXTargetDependency */ = {
			isa = PBXTargetDependency;
			target = BF4E40692BFDE401004DA318 /* Snapshot-ios-sample */;
			targetProxy = BF4E40862BFDE402004DA318 /* PBXContainerItemProxy */;
		};
/* End PBXTargetDependency section */

/* Begin XCBuildConfiguration section */
		BF4E408D2BFDE402004DA318 /* Debug */ = {
			isa = XCBuildConfiguration;
			buildSettings = {
				ALWAYS_SEARCH_USER_PATHS = NO;
				ASSETCATALOG_COMPILER_GENERATE_SWIFT_ASSET_SYMBOL_EXTENSIONS = YES;
				CLANG_ANALYZER_NONNULL = YES;
				CLANG_ANALYZER_NUMBER_OBJECT_CONVERSION = YES_AGGRESSIVE;
				CLANG_CXX_LANGUAGE_STANDARD = "gnu++20";
				CLANG_ENABLE_MODULES = YES;
				CLANG_ENABLE_OBJC_ARC = YES;
				CLANG_ENABLE_OBJC_WEAK = YES;
				CLANG_WARN_BLOCK_CAPTURE_AUTORELEASING = YES;
				CLANG_WARN_BOOL_CONVERSION = YES;
				CLANG_WARN_COMMA = YES;
				CLANG_WARN_CONSTANT_CONVERSION = YES;
				CLANG_WARN_DEPRECATED_OBJC_IMPLEMENTATIONS = YES;
				CLANG_WARN_DIRECT_OBJC_ISA_USAGE = YES_ERROR;
				CLANG_WARN_DOCUMENTATION_COMMENTS = YES;
				CLANG_WARN_EMPTY_BODY = YES;
				CLANG_WARN_ENUM_CONVERSION = YES;
				CLANG_WARN_INFINITE_RECURSION = YES;
				CLANG_WARN_INT_CONVERSION = YES;
				CLANG_WARN_NON_LITERAL_NULL_CONVERSION = YES;
				CLANG_WARN_OBJC_IMPLICIT_RETAIN_SELF = YES;
				CLANG_WARN_OBJC_LITERAL_CONVERSION = YES;
				CLANG_WARN_OBJC_ROOT_CLASS = YES_ERROR;
				CLANG_WARN_QUOTED_INCLUDE_IN_FRAMEWORK_HEADER = YES;
				CLANG_WARN_RANGE_LOOP_ANALYSIS = YES;
				CLANG_WARN_STRICT_PROTOTYPES = YES;
				CLANG_WARN_SUSPICIOUS_MOVE = YES;
				CLANG_WARN_UNGUARDED_AVAILABILITY = YES_AGGRESSIVE;
				CLANG_WARN_UNREACHABLE_CODE = YES;
				CLANG_WARN__DUPLICATE_METHOD_MATCH = YES;
				COPY_PHASE_STRIP = NO;
				DEBUG_INFORMATION_FORMAT = dwarf;
				ENABLE_STRICT_OBJC_MSGSEND = YES;
				ENABLE_TESTABILITY = YES;
				ENABLE_USER_SCRIPT_SANDBOXING = YES;
				GCC_C_LANGUAGE_STANDARD = gnu17;
				GCC_DYNAMIC_NO_PIC = NO;
				GCC_NO_COMMON_BLOCKS = YES;
				GCC_OPTIMIZATION_LEVEL = 0;
				GCC_PREPROCESSOR_DEFINITIONS = (
					"DEBUG=1",
					"$(inherited)",
				);
				GCC_WARN_64_TO_32_BIT_CONVERSION = YES;
				GCC_WARN_ABOUT_RETURN_TYPE = YES_ERROR;
				GCC_WARN_UNDECLARED_SELECTOR = YES;
				GCC_WARN_UNINITIALIZED_AUTOS = YES_AGGRESSIVE;
				GCC_WARN_UNUSED_FUNCTION = YES;
				GCC_WARN_UNUSED_VARIABLE = YES;
				LOCALIZATION_PREFERS_STRING_CATALOGS = YES;
				MTL_ENABLE_DEBUG_INFO = INCLUDE_SOURCE;
				MTL_FAST_MATH = YES;
				ONLY_ACTIVE_ARCH = YES;
				SWIFT_ACTIVE_COMPILATION_CONDITIONS = "DEBUG $(inherited)";
				SWIFT_OPTIMIZATION_LEVEL = "-Onone";
			};
			name = Debug;
		};
		BF4E408E2BFDE402004DA318 /* Release */ = {
			isa = XCBuildConfiguration;
			buildSettings = {
				ALWAYS_SEARCH_USER_PATHS = NO;
				ASSETCATALOG_COMPILER_GENERATE_SWIFT_ASSET_SYMBOL_EXTENSIONS = YES;
				CLANG_ANALYZER_NONNULL = YES;
				CLANG_ANALYZER_NUMBER_OBJECT_CONVERSION = YES_AGGRESSIVE;
				CLANG_CXX_LANGUAGE_STANDARD = "gnu++20";
				CLANG_ENABLE_MODULES = YES;
				CLANG_ENABLE_OBJC_ARC = YES;
				CLANG_ENABLE_OBJC_WEAK = YES;
				CLANG_WARN_BLOCK_CAPTURE_AUTORELEASING = YES;
				CLANG_WARN_BOOL_CONVERSION = YES;
				CLANG_WARN_COMMA = YES;
				CLANG_WARN_CONSTANT_CONVERSION = YES;
				CLANG_WARN_DEPRECATED_OBJC_IMPLEMENTATIONS = YES;
				CLANG_WARN_DIRECT_OBJC_ISA_USAGE = YES_ERROR;
				CLANG_WARN_DOCUMENTATION_COMMENTS = YES;
				CLANG_WARN_EMPTY_BODY = YES;
				CLANG_WARN_ENUM_CONVERSION = YES;
				CLANG_WARN_INFINITE_RECURSION = YES;
				CLANG_WARN_INT_CONVERSION = YES;
				CLANG_WARN_NON_LITERAL_NULL_CONVERSION = YES;
				CLANG_WARN_OBJC_IMPLICIT_RETAIN_SELF = YES;
				CLANG_WARN_OBJC_LITERAL_CONVERSION = YES;
				CLANG_WARN_OBJC_ROOT_CLASS = YES_ERROR;
				CLANG_WARN_QUOTED_INCLUDE_IN_FRAMEWORK_HEADER = YES;
				CLANG_WARN_RANGE_LOOP_ANALYSIS = YES;
				CLANG_WARN_STRICT_PROTOTYPES = YES;
				CLANG_WARN_SUSPICIOUS_MOVE = YES;
				CLANG_WARN_UNGUARDED_AVAILABILITY = YES_AGGRESSIVE;
				CLANG_WARN_UNREACHABLE_CODE = YES;
				CLANG_WARN__DUPLICATE_METHOD_MATCH = YES;
				COPY_PHASE_STRIP = NO;
				DEBUG_INFORMATION_FORMAT = "dwarf-with-dsym";
				ENABLE_NS_ASSERTIONS = NO;
				ENABLE_STRICT_OBJC_MSGSEND = YES;
				ENABLE_USER_SCRIPT_SANDBOXING = YES;
				GCC_C_LANGUAGE_STANDARD = gnu17;
				GCC_NO_COMMON_BLOCKS = YES;
				GCC_WARN_64_TO_32_BIT_CONVERSION = YES;
				GCC_WARN_ABOUT_RETURN_TYPE = YES_ERROR;
				GCC_WARN_UNDECLARED_SELECTOR = YES;
				GCC_WARN_UNINITIALIZED_AUTOS = YES_AGGRESSIVE;
				GCC_WARN_UNUSED_FUNCTION = YES;
				GCC_WARN_UNUSED_VARIABLE = YES;
				LOCALIZATION_PREFERS_STRING_CATALOGS = YES;
				MTL_ENABLE_DEBUG_INFO = NO;
				MTL_FAST_MATH = YES;
				SWIFT_COMPILATION_MODE = wholemodule;
			};
			name = Release;
		};
		BF4E40902BFDE402004DA318 /* Debug */ = {
			isa = XCBuildConfiguration;
			buildSettings = {
				ASSETCATALOG_COMPILER_APPICON_NAME = AppIcon;
				ASSETCATALOG_COMPILER_GLOBAL_ACCENT_COLOR_NAME = AccentColor;
				CODE_SIGN_ENTITLEMENTS = "Snapshot-ios-sample/Snapshot_ios_sample.entitlements";
				CODE_SIGN_STYLE = Automatic;
				CURRENT_PROJECT_VERSION = 1;
				DEVELOPMENT_ASSET_PATHS = "\"Snapshot-ios-sample/Preview Content\"";
				DEVELOPMENT_TEAM = U27D8WT6RZ;
				ENABLE_HARDENED_RUNTIME = YES;
				ENABLE_PREVIEWS = YES;
				GENERATE_INFOPLIST_FILE = YES;
				"INFOPLIST_KEY_UIApplicationSceneManifest_Generation[sdk=iphoneos*]" = YES;
				"INFOPLIST_KEY_UIApplicationSceneManifest_Generation[sdk=iphonesimulator*]" = YES;
				"INFOPLIST_KEY_UIApplicationSupportsIndirectInputEvents[sdk=iphoneos*]" = YES;
				"INFOPLIST_KEY_UIApplicationSupportsIndirectInputEvents[sdk=iphonesimulator*]" = YES;
				"INFOPLIST_KEY_UILaunchScreen_Generation[sdk=iphoneos*]" = YES;
				"INFOPLIST_KEY_UILaunchScreen_Generation[sdk=iphonesimulator*]" = YES;
				"INFOPLIST_KEY_UIStatusBarStyle[sdk=iphoneos*]" = UIStatusBarStyleDefault;
				"INFOPLIST_KEY_UIStatusBarStyle[sdk=iphonesimulator*]" = UIStatusBarStyleDefault;
				INFOPLIST_KEY_UISupportedInterfaceOrientations_iPad = "UIInterfaceOrientationPortrait UIInterfaceOrientationPortraitUpsideDown UIInterfaceOrientationLandscapeLeft UIInterfaceOrientationLandscapeRight";
				INFOPLIST_KEY_UISupportedInterfaceOrientations_iPhone = "UIInterfaceOrientationPortrait UIInterfaceOrientationLandscapeLeft UIInterfaceOrientationLandscapeRight";
				IPHONEOS_DEPLOYMENT_TARGET = 17.2;
				LD_RUNPATH_SEARCH_PATHS = "@executable_path/Frameworks";
				"LD_RUNPATH_SEARCH_PATHS[sdk=macosx*]" = "@executable_path/../Frameworks";
				MACOSX_DEPLOYMENT_TARGET = 13.6;
				MARKETING_VERSION = 1.0;
				PRODUCT_BUNDLE_IDENTIFIER = "com.app.Snapshot-ios-sample";
				PRODUCT_NAME = "$(TARGET_NAME)";
				SDKROOT = auto;
				SUPPORTED_PLATFORMS = "iphoneos iphonesimulator macosx";
				SWIFT_EMIT_LOC_STRINGS = YES;
				SWIFT_VERSION = 5.0;
				TARGETED_DEVICE_FAMILY = "1,2";
			};
			name = Debug;
		};
		BF4E40912BFDE402004DA318 /* Release */ = {
			isa = XCBuildConfiguration;
			buildSettings = {
				ASSETCATALOG_COMPILER_APPICON_NAME = AppIcon;
				ASSETCATALOG_COMPILER_GLOBAL_ACCENT_COLOR_NAME = AccentColor;
				CODE_SIGN_ENTITLEMENTS = "Snapshot-ios-sample/Snapshot_ios_sample.entitlements";
				CODE_SIGN_STYLE = Automatic;
				CURRENT_PROJECT_VERSION = 1;
				DEVELOPMENT_ASSET_PATHS = "\"Snapshot-ios-sample/Preview Content\"";
				DEVELOPMENT_TEAM = U27D8WT6RZ;
				ENABLE_HARDENED_RUNTIME = YES;
				ENABLE_PREVIEWS = YES;
				GENERATE_INFOPLIST_FILE = YES;
				"INFOPLIST_KEY_UIApplicationSceneManifest_Generation[sdk=iphoneos*]" = YES;
				"INFOPLIST_KEY_UIApplicationSceneManifest_Generation[sdk=iphonesimulator*]" = YES;
				"INFOPLIST_KEY_UIApplicationSupportsIndirectInputEvents[sdk=iphoneos*]" = YES;
				"INFOPLIST_KEY_UIApplicationSupportsIndirectInputEvents[sdk=iphonesimulator*]" = YES;
				"INFOPLIST_KEY_UILaunchScreen_Generation[sdk=iphoneos*]" = YES;
				"INFOPLIST_KEY_UILaunchScreen_Generation[sdk=iphonesimulator*]" = YES;
				"INFOPLIST_KEY_UIStatusBarStyle[sdk=iphoneos*]" = UIStatusBarStyleDefault;
				"INFOPLIST_KEY_UIStatusBarStyle[sdk=iphonesimulator*]" = UIStatusBarStyleDefault;
				INFOPLIST_KEY_UISupportedInterfaceOrientations_iPad = "UIInterfaceOrientationPortrait UIInterfaceOrientationPortraitUpsideDown UIInterfaceOrientationLandscapeLeft UIInterfaceOrientationLandscapeRight";
				INFOPLIST_KEY_UISupportedInterfaceOrientations_iPhone = "UIInterfaceOrientationPortrait UIInterfaceOrientationLandscapeLeft UIInterfaceOrientationLandscapeRight";
				IPHONEOS_DEPLOYMENT_TARGET = 17.2;
				LD_RUNPATH_SEARCH_PATHS = "@executable_path/Frameworks";
				"LD_RUNPATH_SEARCH_PATHS[sdk=macosx*]" = "@executable_path/../Frameworks";
				MACOSX_DEPLOYMENT_TARGET = 13.6;
				MARKETING_VERSION = 1.0;
				PRODUCT_BUNDLE_IDENTIFIER = "com.app.Snapshot-ios-sample";
				PRODUCT_NAME = "$(TARGET_NAME)";
				SDKROOT = auto;
				SUPPORTED_PLATFORMS = "iphoneos iphonesimulator macosx";
				SWIFT_EMIT_LOC_STRINGS = YES;
				SWIFT_VERSION = 5.0;
				TARGETED_DEVICE_FAMILY = "1,2";
			};
			name = Release;
		};
		BF4E40932BFDE402004DA318 /* Debug */ = {
			isa = XCBuildConfiguration;
			buildSettings = {
				ALWAYS_EMBED_SWIFT_STANDARD_LIBRARIES = YES;
				BUNDLE_LOADER = "$(TEST_HOST)";
				CODE_SIGN_STYLE = Automatic;
				CURRENT_PROJECT_VERSION = 1;
				DEVELOPMENT_TEAM = U27D8WT6RZ;
				GENERATE_INFOPLIST_FILE = YES;
				IPHONEOS_DEPLOYMENT_TARGET = 17.2;
				MACOSX_DEPLOYMENT_TARGET = 13.6;
				MARKETING_VERSION = 1.0;
				PRODUCT_BUNDLE_IDENTIFIER = "com.app.Snapshot-ios-sampleTests";
				PRODUCT_NAME = "$(TARGET_NAME)";
				SDKROOT = auto;
				SUPPORTED_PLATFORMS = "iphoneos iphonesimulator macosx";
				SWIFT_EMIT_LOC_STRINGS = NO;
				SWIFT_VERSION = 5.0;
				TARGETED_DEVICE_FAMILY = "1,2";
				TEST_HOST = "$(BUILT_PRODUCTS_DIR)/Snapshot-ios-sample.app/$(BUNDLE_EXECUTABLE_FOLDER_PATH)/Snapshot-ios-sample";
			};
			name = Debug;
		};
		BF4E40942BFDE402004DA318 /* Release */ = {
			isa = XCBuildConfiguration;
			buildSettings = {
				ALWAYS_EMBED_SWIFT_STANDARD_LIBRARIES = YES;
				BUNDLE_LOADER = "$(TEST_HOST)";
				CODE_SIGN_STYLE = Automatic;
				CURRENT_PROJECT_VERSION = 1;
				DEVELOPMENT_TEAM = U27D8WT6RZ;
				GENERATE_INFOPLIST_FILE = YES;
				IPHONEOS_DEPLOYMENT_TARGET = 17.2;
				MACOSX_DEPLOYMENT_TARGET = 13.6;
				MARKETING_VERSION = 1.0;
				PRODUCT_BUNDLE_IDENTIFIER = "com.app.Snapshot-ios-sampleTests";
				PRODUCT_NAME = "$(TARGET_NAME)";
				SDKROOT = auto;
				SUPPORTED_PLATFORMS = "iphoneos iphonesimulator macosx";
				SWIFT_EMIT_LOC_STRINGS = NO;
				SWIFT_VERSION = 5.0;
				TARGETED_DEVICE_FAMILY = "1,2";
				TEST_HOST = "$(BUILT_PRODUCTS_DIR)/Snapshot-ios-sample.app/$(BUNDLE_EXECUTABLE_FOLDER_PATH)/Snapshot-ios-sample";
			};
			name = Release;
		};
		BF4E40962BFDE402004DA318 /* Debug */ = {
			isa = XCBuildConfiguration;
			buildSettings = {
				ALWAYS_EMBED_SWIFT_STANDARD_LIBRARIES = YES;
				CODE_SIGN_STYLE = Automatic;
				CURRENT_PROJECT_VERSION = 1;
				DEVELOPMENT_TEAM = U27D8WT6RZ;
				GENERATE_INFOPLIST_FILE = YES;
				IPHONEOS_DEPLOYMENT_TARGET = 17.2;
				MACOSX_DEPLOYMENT_TARGET = 13.6;
				MARKETING_VERSION = 1.0;
				PRODUCT_BUNDLE_IDENTIFIER = "com.app.Snapshot-ios-sampleUITests";
				PRODUCT_NAME = "$(TARGET_NAME)";
				SDKROOT = auto;
				SUPPORTED_PLATFORMS = "iphoneos iphonesimulator macosx";
				SWIFT_EMIT_LOC_STRINGS = NO;
				SWIFT_VERSION = 5.0;
				TARGETED_DEVICE_FAMILY = "1,2";
				TEST_TARGET_NAME = "Snapshot-ios-sample";
			};
			name = Debug;
		};
		BF4E40972BFDE402004DA318 /* Release */ = {
			isa = XCBuildConfiguration;
			buildSettings = {
				ALWAYS_EMBED_SWIFT_STANDARD_LIBRARIES = YES;
				CODE_SIGN_STYLE = Automatic;
				CURRENT_PROJECT_VERSION = 1;
				DEVELOPMENT_TEAM = U27D8WT6RZ;
				GENERATE_INFOPLIST_FILE = YES;
				IPHONEOS_DEPLOYMENT_TARGET = 17.2;
				MACOSX_DEPLOYMENT_TARGET = 13.6;
				MARKETING_VERSION = 1.0;
				PRODUCT_BUNDLE_IDENTIFIER = "com.app.Snapshot-ios-sampleUITests";
				PRODUCT_NAME = "$(TARGET_NAME)";
				SDKROOT = auto;
				SUPPORTED_PLATFORMS = "iphoneos iphonesimulator macosx";
				SWIFT_EMIT_LOC_STRINGS = NO;
				SWIFT_VERSION = 5.0;
				TARGETED_DEVICE_FAMILY = "1,2";
				TEST_TARGET_NAME = "Snapshot-ios-sample";
			};
			name = Release;
		};
/* End XCBuildConfiguration section */

/* Begin XCConfigurationList section */
		BF4E40652BFDE401004DA318 /* Build configuration list for PBXProject "Snapshot-ios-sample" */ = {
			isa = XCConfigurationList;
			buildConfigurations = (
				BF4E408D2BFDE402004DA318 /* Debug */,
				BF4E408E2BFDE402004DA318 /* Release */,
			);
			defaultConfigurationIsVisible = 0;
			defaultConfigurationName = Release;
		};
		BF4E408F2BFDE402004DA318 /* Build configuration list for PBXNativeTarget "Snapshot-ios-sample" */ = {
			isa = XCConfigurationList;
			buildConfigurations = (
				BF4E40902BFDE402004DA318 /* Debug */,
				BF4E40912BFDE402004DA318 /* Release */,
			);
			defaultConfigurationIsVisible = 0;
			defaultConfigurationName = Release;
		};
		BF4E40922BFDE402004DA318 /* Build configuration list for PBXNativeTarget "Snapshot-ios-sampleTests" */ = {
			isa = XCConfigurationList;
			buildConfigurations = (
				BF4E40932BFDE402004DA318 /* Debug */,
				BF4E40942BFDE402004DA318 /* Release */,
			);
			defaultConfigurationIsVisible = 0;
			defaultConfigurationName = Release;
		};
		BF4E40952BFDE402004DA318 /* Build configuration list for PBXNativeTarget "Snapshot-ios-sampleUITests" */ = {
			isa = XCConfigurationList;
			buildConfigurations = (
				BF4E40962BFDE402004DA318 /* Debug */,
				BF4E40972BFDE402004DA318 /* Release */,
			);
			defaultConfigurationIsVisible = 0;
			defaultConfigurationName = Release;
		};
/* End XCConfigurationList section */

/* Begin XCRemoteSwiftPackageReference section */
		BF4E40CD2BFF89F1004DA318 /* XCRemoteSwiftPackageReference "swift-snapshot-testing" */ = {
			isa = XCRemoteSwiftPackageReference;
			repositoryURL = "https://github.com/pointfreeco/swift-snapshot-testing.git";
			requirement = {
				kind = upToNextMajorVersion;
				minimumVersion = 1.16.0;
			};
		};
/* End XCRemoteSwiftPackageReference section */

/* Begin XCSwiftPackageProductDependency section */
		BF4E40CE2BFF89F1004DA318 /* InlineSnapshotTesting */ = {
			isa = XCSwiftPackageProductDependency;
			package = BF4E40CD2BFF89F1004DA318 /* XCRemoteSwiftPackageReference "swift-snapshot-testing" */;
			productName = InlineSnapshotTesting;
		};
		BF4E40D02BFF89F1004DA318 /* SnapshotTesting */ = {
			isa = XCSwiftPackageProductDependency;
			package = BF4E40CD2BFF89F1004DA318 /* XCRemoteSwiftPackageReference "swift-snapshot-testing" */;
			productName = SnapshotTesting;
		};
/* End XCSwiftPackageProductDependency section */
	};
	rootObject = BF4E40622BFDE401004DA318 /* Project object */;
}
